
Microsoft Visual Studio Solution File, Format Version 12.00
# Visual Studio Version 16
VisualStudioVersion = 16.0.31624.102
MinimumVisualStudioVersion = 10.0.40219.1
Project("{FAE04EC0-301F-11D3-BF4B-00C04F79EFBC}") = "Event Organizer", "Event Organizer\Event Organizer.csproj", "{D1DC8D38-18BB-4AF0-9D28-9E87093FA5A7}"
EndProject
Global
	GlobalSection(SolutionConfigurationPlatforms) = preSolution
		Debug|Any CPU = Debug|Any CPU
		Release|Any CPU = Release|Any CPU
	EndGlobalSection
	GlobalSection(ProjectConfigurationPlatforms) = postSolution
		{D1DC8D38-18BB-4AF0-9D28-9E87093FA5A7}.Debug|Any CPU.ActiveCfg = Debug|Any CPU
		{D1DC8D38-18BB-4AF0-9D28-9E87093FA5A7}.Debug|Any CPU.Build.0 = Debug|Any CPU
		{D1DC8D38-18BB-4AF0-9D28-9E87093FA5A7}.Release|Any CPU.ActiveCfg = Release|Any CPU
		{D1DC8D38-18BB-4AF0-9D28-9E87093FA5A7}.Release|Any CPU.Build.0 = Release|Any CPU
	EndGlobalSection
	GlobalSection(SolutionProperties) = preSolution
		HideSolutionNode = FALSE
	EndGlobalSection
	GlobalSection(ExtensibilityGlobals) = postSolution
		SolutionGuid = {C76BAECD-17C6-46B4-9340-6424938F0BA2}
	EndGlobalSection
EndGlobal
